github.com/cockroachdb/apd/v2 v2.0.2 h1:weh8u7Cneje73dDh+2tEVLUvyBc89iwepWCD8b8034E=
github.com/cockroachdb/apd/v2 v2.0.2/go.mod h1:DDxRlzC2lo3/vSlmSoS7JkqbbrARPuFOGr0B9pvN3Gw=
github.com/davecgh/go-spew v1.1.0 h1:ZDRjVQ15GmhC3fiQ8ni8+OwkZQO4DARzQgrnXU1Liz8=
github.com/davecgh/go-spew v1.1.0/go.mod h1:J7Y8YcW2NihsgmVo/mv3lAwl/skON4iLHjSsI+c5H38=
github.com/kstenerud/go-compact-float v1.6.0 h1:JKDQkSQ3vVDcTCh2rr/Hi7H/W6fD7xhCN+eJPxVDsI4=
github.com/kstenerud/go-compact-float v1.6.0/go.mod h1:86Q5GkzClM2g0hObQndeX90g5kKMhG7eptDFsVrubbk=
github.com/kstenerud/go-compact-time v1.8.3 h1:VPhN2UwJsJjAHnHbGuqLibNF8e7PXG4nBFpZ3UkjsRg=
github.com/kstenerud/go-compact-time v1.8.3/go.mod h1:wBgxWliL/ON5b1/EaefPqQ44u2UgTtiNiIvkmByYFFc=
github.com/kstenerud/go-concise-encoding v0.0.0-20220122100012-63418a5f2d28 h1:0RMAnCzBODlUN/wEwWOQt7GLZ67DySbz0G1X0IttEls=
github.com/kstenerud/go-concise-encoding v0.0.0-20220122100012-63418a5f2d28/go.mod h1:1frvUs3w4qacHrLLs66G1QxR0grBcygpPoXRF1+DFZk=
github.com/kstenerud/go-describe v1.2.13 h1:3EazEwS/oNw0uMGQt45UvuxNNVEjR65dkAoy3CtiQN8=
github.com/kstenerud/go-describe v1.2.13/go.mod h1:+B7K/fXHhObqwmMhcUT0CPT68fR1SQ9XNmJ5E4ck2RI=
github.com/kstenerud/go-duplicates v1.1.1 h1:Z8pdWHv842d/vszSeoWGAswbxx/8SHxz+/DNYQUl4jU=
github.com/kstenerud/go-duplicates v1.1.1/go.mod h1:OoPQ8B7sw/LFlPpLJT6bbCrHdOtaC9yWBF1uZXqOoxw=
github.com/kstenerud/go-equivalence v1.0.4 h1:gbyVM157tVSlYSbCpzi6AZnXLugmetvYdvxUBnrEqmU=
github.com/kstenerud/go-equivalence v1.0.4/go.mod h1:FKUKQCiRiJ8M0rgXy/0jR+yIet5mydc2zyj6XQ1PK60=
github.com/kstenerud/go-qrcode v0.0.0-20220106104308-4302c70a75ed h1:u9A8I0YMivQ8+e7KJNJQ4mDD+y6nHTuuql5MER+e4gs=
github.com/kstenerud/go-qrcode v0.0.0-20220106104308-4302c70a75ed/go.mod h1:yD7N+thuDpd8R3zlTdN7iktwVrS73prhxkvPDbAbKkc=
github.com/kstenerud/go-uleb128 v1.1.0 h1:QrNuuZVFkNvn3tEEJHDSUZRckNZt1haE23uYPKJ8qAA=
github.com/kstenerud/go-uleb128 v1.1.0/go.mod h1:0DgQsdpP8sW2B3Qd2yx3vO7oaGNqDUZW7h4PoKIQj14=
github.com/lib/pq v1.7.0 h1:h93mCPfUSkaul3Ka/VG8uZdmW1uMHDGxzu0NWHuJmHY=
github.com/lib/pq v1.7.0/go.mod h1:AlVN5x4E4T544tWzH6hKfbfQvm3HdbOxrmggDNAPY9o=
github.com/liyue201/goqr v0.0.0-20200803022322-df443203d4ea h1:uyJ13zfy6l79CM3HnVhDalIyZ4RJAyVfDrbnfFeJoC4=
github.com/liyue201/goqr v0.0.0-20200803022322-df443203d4ea/go.mod h1:w4pGU9PkiX2hAWyF0yuHEHmYTQFAd6WHzp6+IY7JVjE=
github.com/pkg/errors v0.8.0 h1:WdK/asTD0HN+q6hsWO3/vpuAkAr+tw6aNJNDFFf0+qw=
github.com/pkg/errors v0.8.0/go.mod h1:bwawxfHBFNV+L2hUp1rHADufV3IMtnDRdf1r5NINEl0=
github.com/pmezard/go-difflib v1.0.0 h1:4DBwDE0NGyQoBHbLQYPwSUPoCMWR5BEzIk/f1lZbAQM=
github.com/pmezard/go-difflib v1.0.0/go.mod h1:iKH77koFhYxTK1pcRnkKkqfTogsbg7gZNVY4sRDYZ/4=
github.com/stretchr/objx v0.1.0/go.mod h1:HFkY916IF+rwdDfMAkV7OtwuqBVzrE8GR6GFx+wExME=
github.com/stretchr/testify v1.4.0 h1:2E4SXV/wtOkTonXsotYi4li6zVWxYlZuYNCXe9XRJyk=
github.com/stretchr/testify v1.4.0/go.mod h1:j7eGeouHqKxXV5pUuKE4zz7dFj8WfuZ+81PSLYec5m4=
gopkg.in/check.v1 v0.0.0-20161208181325-20d25e280405 h1:yhCVgyC4o1eVCa2tZl7eS0r+SDo693bJlVdllGtEeKM=
gopkg.in/check.v1 v0.0.0-20161208181325-20d25e280405/go.mod h1:Co6ibVJAznAaIkqp8huTwlJQCZ016jof/cbN4VW5Yz0=
gopkg.in/yaml.v2 v2.2.2 h1:ZCJp+EgiOT7lHqUV2J862kp8Qj64Jo6az82+3Td9dZw=
gopkg.in/yaml.v2 v2.2.2/go.mod h1:hI93XBmqTisBFMUTm0b8Fm+jr3Dg1NNxqwp+5A1VGuI=
